// !$*UTF8*$!
{
	archiveVersion = 1;
	classes = {
	};
	objectVersion = 50;
	objects = {

/* Begin PBXBuildFile section */
		0D1CDDEF211B36130093ED08 /* JsonServiceClient.swift in Sources */ = {isa = PBXBuildFile; fileRef = 0D1CDDD0211B36130093ED08 /* JsonServiceClient.swift */; };
		0D1CDDF0211B36130093ED08 /* ServiceEnum.swift in Sources */ = {isa = PBXBuildFile; fileRef = 0D1CDDD2211B36130093ED08 /* ServiceEnum.swift */; };
		0D1CDDF1211B36130093ED08 /* CustomerDTO.swift in Sources */ = {isa = PBXBuildFile; fileRef = 0D1CDDD4211B36130093ED08 /* CustomerDTO.swift */; };
		0D1CDDF2211B36130093ED08 /* SystemStatusDTO.swift in Sources */ = {isa = PBXBuildFile; fileRef = 0D1CDDD5211B36130093ED08 /* SystemStatusDTO.swift */; };
		0D1CDDF3211B36130093ED08 /* PaymentMethodDTO.swift in Sources */ = {isa = PBXBuildFile; fileRef = 0D1CDDD6211B36130093ED08 /* PaymentMethodDTO.swift */; };
		0D1CDDF4211B36130093ED08 /* PostDTO.swift in Sources */ = {isa = PBXBuildFile; fileRef = 0D1CDDD7211B36130093ED08 /* PostDTO.swift */; };
		0D1CDDF5211B36130093ED08 /* OrderDTO.swift in Sources */ = {isa = PBXBuildFile; fileRef = 0D1CDDD8211B36130093ED08 /* OrderDTO.swift */; };
		0D1CDDF6211B36130093ED08 /* UserDTO.swift in Sources */ = {isa = PBXBuildFile; fileRef = 0D1CDDD9211B36130093ED08 /* UserDTO.swift */; };
		0D1CDDF7211B36130093ED08 /* ReportDTO.swift in Sources */ = {isa = PBXBuildFile; fileRef = 0D1CDDDA211B36130093ED08 /* ReportDTO.swift */; };
		0D1CDDF8211B36130093ED08 /* ProductDTO.swift in Sources */ = {isa = PBXBuildFile; fileRef = 0D1CDDDB211B36130093ED08 /* ProductDTO.swift */; };
		0D1CDDF9211B36130093ED08 /* MediaDTO.swift in Sources */ = {isa = PBXBuildFile; fileRef = 0D1CDDDC211B36130093ED08 /* MediaDTO.swift */; };
		0D1CDDFA211B36130093ED08 /* SettingDTO.swift in Sources */ = {isa = PBXBuildFile; fileRef = 0D1CDDDD211B36130093ED08 /* SettingDTO.swift */; };
		0D1CDDFB211B36130093ED08 /* AuthDTO.swift in Sources */ = {isa = PBXBuildFile; fileRef = 0D1CDDDE211B36130093ED08 /* AuthDTO.swift */; };
		0D1CDDFC211B36130093ED08 /* BaseDTO.swift in Sources */ = {isa = PBXBuildFile; fileRef = 0D1CDDDF211B36130093ED08 /* BaseDTO.swift */; };
		0D1CDDFD211B36130093ED08 /* SEBase.swift in Sources */ = {isa = PBXBuildFile; fileRef = 0D1CDDE1211B36130093ED08 /* SEBase.swift */; };
		0D1CDDFE211B36130093ED08 /* SEPost.swift in Sources */ = {isa = PBXBuildFile; fileRef = 0D1CDDE2211B36130093ED08 /* SEPost.swift */; };
		0D1CDDFF211B36130093ED08 /* SESetting.swift in Sources */ = {isa = PBXBuildFile; fileRef = 0D1CDDE3211B36130093ED08 /* SESetting.swift */; };
		0D1CDE00211B36130093ED08 /* SEReport.swift in Sources */ = {isa = PBXBuildFile; fileRef = 0D1CDDE4211B36130093ED08 /* SEReport.swift */; };
		0D1CDE01211B36130093ED08 /* SEOrder.swift in Sources */ = {isa = PBXBuildFile; fileRef = 0D1CDDE5211B36130093ED08 /* SEOrder.swift */; };
		0D1CDE02211B36130093ED08 /* SESystemStatus.swift in Sources */ = {isa = PBXBuildFile; fileRef = 0D1CDDE6211B36130093ED08 /* SESystemStatus.swift */; };
		0D1CDE03211B36130093ED08 /* SECustomer.swift in Sources */ = {isa = PBXBuildFile; fileRef = 0D1CDDE7211B36130093ED08 /* SECustomer.swift */; };
		0D1CDE04211B36130093ED08 /* SEMedia.swift in Sources */ = {isa = PBXBuildFile; fileRef = 0D1CDDE8211B36130093ED08 /* SEMedia.swift */; };
		0D1CDE05211B36130093ED08 /* SEPaymentMethod.swift in Sources */ = {isa = PBXBuildFile; fileRef = 0D1CDDE9211B36130093ED08 /* SEPaymentMethod.swift */; };
		0D1CDE06211B36130093ED08 /* SEProduct.swift in Sources */ = {isa = PBXBuildFile; fileRef = 0D1CDDEA211B36130093ED08 /* SEProduct.swift */; };
		0D1CDE07211B36130093ED08 /* SEAuth.swift in Sources */ = {isa = PBXBuildFile; fileRef = 0D1CDDEB211B36130093ED08 /* SEAuth.swift */; };
		0D1CDE08211B36130093ED08 /* SEUser.swift in Sources */ = {isa = PBXBuildFile; fileRef = 0D1CDDEC211B36130093ED08 /* SEUser.swift */; };
		0D1CDE09211B36130093ED08 /* ArenaDemoAPI.h in Headers */ = {isa = PBXBuildFile; fileRef = 0D1CDDED211B36130093ED08 /* ArenaDemoAPI.h */; settings = {ATTRIBUTES = (Public, ); }; };
		0D1CDE0A211B36130093ED08 /* Info.plist in Resources */ = {isa = PBXBuildFile; fileRef = 0D1CDDEE211B36130093ED08 /* Info.plist */; };
		0D1CDE0C211B41B00093ED08 /* PageDTO.swift in Sources */ = {isa = PBXBuildFile; fileRef = 0D1CDE0B211B41B00093ED08 /* PageDTO.swift */; };
		0D1CE077211C114F0093ED08 /* SEPage.swift in Sources */ = {isa = PBXBuildFile; fileRef = 0D1CE076211C114F0093ED08 /* SEPage.swift */; };
/* End PBXBuildFile section */

/* Begin PBXFileReference section */
		0D1CDDD0211B36130093ED08 /* JsonServiceClient.swift */ = {isa = PBXFileReference; fileEncoding = 4; lastKnownFileType = sourcecode.swift; path = JsonServiceClient.swift; sourceTree = "<group>"; };
		0D1CDDD2211B36130093ED08 /* ServiceEnum.swift */ = {isa = PBXFileReference; fileEncoding = 4; lastKnownFileType = sourcecode.swift; path = ServiceEnum.swift; sourceTree = "<group>"; };
		0D1CDDD4211B36130093ED08 /* CustomerDTO.swift */ = {isa = PBXFileReference; fileEncoding = 4; lastKnownFileType = sourcecode.swift; path = CustomerDTO.swift; sourceTree = "<group>"; };
		0D1CDDD5211B36130093ED08 /* SystemStatusDTO.swift */ = {isa = PBXFileReference; fileEncoding = 4; lastKnownFileType = sourcecode.swift; path = SystemStatusDTO.swift; sourceTree = "<group>"; };
		0D1CDDD6211B36130093ED08 /* PaymentMethodDTO.swift */ = {isa = PBXFileReference; fileEncoding = 4; lastKnownFileType = sourcecode.swift; path = PaymentMethodDTO.swift; sourceTree = "<group>"; };
		0D1CDDD7211B36130093ED08 /* PostDTO.swift */ = {isa = PBXFileReference; fileEncoding = 4; lastKnownFileType = sourcecode.swift; path = PostDTO.swift; sourceTree = "<group>"; };
		0D1CDDD8211B36130093ED08 /* OrderDTO.swift */ = {isa = PBXFileReference; fileEncoding = 4; lastKnownFileType = sourcecode.swift; path = OrderDTO.swift; sourceTree = "<group>"; };
		0D1CDDD9211B36130093ED08 /* UserDTO.swift */ = {isa = PBXFileReference; fileEncoding = 4; lastKnownFileType = sourcecode.swift; path = UserDTO.swift; sourceTree = "<group>"; };
		0D1CDDDA211B36130093ED08 /* ReportDTO.swift */ = {isa = PBXFileReference; fileEncoding = 4; lastKnownFileType = sourcecode.swift; path = ReportDTO.swift; sourceTree = "<group>"; };
		0D1CDDDB211B36130093ED08 /* ProductDTO.swift */ = {isa = PBXFileReference; fileEncoding = 4; lastKnownFileType = sourcecode.swift; path = ProductDTO.swift; sourceTree = "<group>"; };
		0D1CDDDC211B36130093ED08 /* MediaDTO.swift */ = {isa = PBXFileReference; fileEncoding = 4; lastKnownFileType = sourcecode.swift; path = MediaDTO.swift; sourceTree = "<group>"; };
		0D1CDDDD211B36130093ED08 /* SettingDTO.swift */ = {isa = PBXFileReference; fileEncoding = 4; lastKnownFileType = sourcecode.swift; path = SettingDTO.swift; sourceTree = "<group>"; };
		0D1CDDDE211B36130093ED08 /* AuthDTO.swift */ = {isa = PBXFileReference; fileEncoding = 4; lastKnownFileType = sourcecode.swift; path = AuthDTO.swift; sourceTree = "<group>"; };
		0D1CDDDF211B36130093ED08 /* BaseDTO.swift */ = {isa = PBXFileReference; fileEncoding = 4; lastKnownFileType = sourcecode.swift; path = BaseDTO.swift; sourceTree = "<group>"; };
		0D1CDDE1211B36130093ED08 /* SEBase.swift */ = {isa = PBXFileReference; fileEncoding = 4; lastKnownFileType = sourcecode.swift; path = SEBase.swift; sourceTree = "<group>"; };
		0D1CDDE2211B36130093ED08 /* SEPost.swift */ = {isa = PBXFileReference; fileEncoding = 4; lastKnownFileType = sourcecode.swift; path = SEPost.swift; sourceTree = "<group>"; };
		0D1CDDE3211B36130093ED08 /* SESetting.swift */ = {isa = PBXFileReference; fileEncoding = 4; lastKnownFileType = sourcecode.swift; path = SESetting.swift; sourceTree = "<group>"; };
		0D1CDDE4211B36130093ED08 /* SEReport.swift */ = {isa = PBXFileReference; fileEncoding = 4; lastKnownFileType = sourcecode.swift; path = SEReport.swift; sourceTree = "<group>"; };
		0D1CDDE5211B36130093ED08 /* SEOrder.swift */ = {isa = PBXFileReference; fileEncoding = 4; lastKnownFileType = sourcecode.swift; path = SEOrder.swift; sourceTree = "<group>"; };
		0D1CDDE6211B36130093ED08 /* SESystemStatus.swift */ = {isa = PBXFileReference; fileEncoding = 4; lastKnownFileType = sourcecode.swift; path = SESystemStatus.swift; sourceTree = "<group>"; };
		0D1CDDE7211B36130093ED08 /* SECustomer.swift */ = {isa = PBXFileReference; fileEncoding = 4; lastKnownFileType = sourcecode.swift; path = SECustomer.swift; sourceTree = "<group>"; };
		0D1CDDE8211B36130093ED08 /* SEMedia.swift */ = {isa = PBXFileReference; fileEncoding = 4; lastKnownFileType = sourcecode.swift; path = SEMedia.swift; sourceTree = "<group>"; };
		0D1CDDE9211B36130093ED08 /* SEPaymentMethod.swift */ = {isa = PBXFileReference; fileEncoding = 4; lastKnownFileType = sourcecode.swift; path = SEPaymentMethod.swift; sourceTree = "<group>"; };
		0D1CDDEA211B36130093ED08 /* SEProduct.swift */ = {isa = PBXFileReference; fileEncoding = 4; lastKnownFileType = sourcecode.swift; path = SEProduct.swift; sourceTree = "<group>"; };
		0D1CDDEB211B36130093ED08 /* SEAuth.swift */ = {isa = PBXFileReference; fileEncoding = 4; lastKnownFileType = sourcecode.swift; path = SEAuth.swift; sourceTree = "<group>"; };
		0D1CDDEC211B36130093ED08 /* SEUser.swift */ = {isa = PBXFileReference; fileEncoding = 4; lastKnownFileType = sourcecode.swift; path = SEUser.swift; sourceTree = "<group>"; };
		0D1CDDED211B36130093ED08 /* ArenaDemoAPI.h */ = {isa = PBXFileReference; fileEncoding = 4; lastKnownFileType = sourcecode.c.h; path = ArenaDemoAPI.h; sourceTree = "<group>"; };
		0D1CDDEE211B36130093ED08 /* Info.plist */ = {isa = PBXFileReference; fileEncoding = 4; lastKnownFileType = text.plist.xml; path = Info.plist; sourceTree = "<group>"; };
		0D1CDE0B211B41B00093ED08 /* PageDTO.swift */ = {isa = PBXFileReference; lastKnownFileType = sourcecode.swift; path = PageDTO.swift; sourceTree = "<group>"; };
		0D1CE076211C114F0093ED08 /* SEPage.swift */ = {isa = PBXFileReference; lastKnownFileType = sourcecode.swift; path = SEPage.swift; sourceTree = "<group>"; };
		0D2C57C520CA230C00F78A5B /* ArenaDemoAPI.framework */ = {isa = PBXFileReference; explicitFileType = wrapper.framework; includeInIndex = 0; path = ArenaDemoAPI.framework; sourceTree = BUILT_PRODUCTS_DIR; };
/* End PBXFileReference section */

/* Begin PBXFrameworksBuildPhase section */
		0D2C57C120CA230C00F78A5B /* Frameworks */ = {
			isa = PBXFrameworksBuildPhase;
			buildActionMask = 2147483647;
			files = (
			);
			runOnlyForDeploymentPostprocessing = 0;
		};
/* End PBXFrameworksBuildPhase section */

/* Begin PBXGroup section */
		0D1CDDCE211B36130093ED08 /* ArenaDemoAPI */ = {
			isa = PBXGroup;
			children = (
				0D1CDDCF211B36130093ED08 /* API */,
				0D1CDDED211B36130093ED08 /* ArenaDemoAPI.h */,
				0D1CDDEE211B36130093ED08 /* Info.plist */,
			);
			path = ArenaDemoAPI;
			sourceTree = "<group>";
		};
		0D1CDDCF211B36130093ED08 /* API */ = {
			isa = PBXGroup;
			children = (
				0D1CDDD0211B36130093ED08 /* JsonServiceClient.swift */,
				0D1CDDD1211B36130093ED08 /* Enum */,
				0D1CDDD3211B36130093ED08 /* DTOs */,
				0D1CDDE0211B36130093ED08 /* Services */,
			);
			path = API;
			sourceTree = "<group>";
		};
		0D1CDDD1211B36130093ED08 /* Enum */ = {
			isa = PBXGroup;
			children = (
				0D1CDDD2211B36130093ED08 /* ServiceEnum.swift */,
			);
			path = Enum;
			sourceTree = "<group>";
		};
		0D1CDDD3211B36130093ED08 /* DTOs */ = {
			isa = PBXGroup;
			children = (
				0D1CDDDE211B36130093ED08 /* AuthDTO.swift */,
				0D1CDDDF211B36130093ED08 /* BaseDTO.swift */,
				0D1CDDD4211B36130093ED08 /* CustomerDTO.swift */,
				0D1CDDDC211B36130093ED08 /* MediaDTO.swift */,
				0D1CDDD8211B36130093ED08 /* OrderDTO.swift */,
				0D1CDE0B211B41B00093ED08 /* PageDTO.swift */,
				0D1CDDD6211B36130093ED08 /* PaymentMethodDTO.swift */,
				0D1CDDD7211B36130093ED08 /* PostDTO.swift */,
				0D1CDDDB211B36130093ED08 /* ProductDTO.swift */,
				0D1CDDDA211B36130093ED08 /* ReportDTO.swift */,
				0D1CDDDD211B36130093ED08 /* SettingDTO.swift */,
				0D1CDDD5211B36130093ED08 /* SystemStatusDTO.swift */,
				0D1CDDD9211B36130093ED08 /* UserDTO.swift */,
			);
			path = DTOs;
			sourceTree = "<group>";
		};
		0D1CDDE0211B36130093ED08 /* Services */ = {
			isa = PBXGroup;
			children = (
				0D1CDDE1211B36130093ED08 /* SEBase.swift */,
				0D1CDDE2211B36130093ED08 /* SEPost.swift */,
				0D1CDDE3211B36130093ED08 /* SESetting.swift */,
				0D1CDDE4211B36130093ED08 /* SEReport.swift */,
				0D1CDDE5211B36130093ED08 /* SEOrder.swift */,
				0D1CDDE6211B36130093ED08 /* SESystemStatus.swift */,
				0D1CDDE7211B36130093ED08 /* SECustomer.swift */,
				0D1CDDE8211B36130093ED08 /* SEMedia.swift */,
				0D1CDDE9211B36130093ED08 /* SEPaymentMethod.swift */,
				0D1CDDEA211B36130093ED08 /* SEProduct.swift */,
				0D1CDDEB211B36130093ED08 /* SEAuth.swift */,
				0D1CDDEC211B36130093ED08 /* SEUser.swift */,
				0D1CE076211C114F0093ED08 /* SEPage.swift */,
			);
			path = Services;
			sourceTree = "<group>";
		};
		0D2C57BB20CA230C00F78A5B = {
			isa = PBXGroup;
			children = (
				0D1CDDCE211B36130093ED08 /* ArenaDemoAPI */,
				0D2C57C620CA230C00F78A5B /* Products */,
			);
			sourceTree = "<group>";
		};
		0D2C57C620CA230C00F78A5B /* Products */ = {
			isa = PBXGroup;
			children = (
				0D2C57C520CA230C00F78A5B /* ArenaDemoAPI.framework */,
			);
			name = Products;
			sourceTree = "<group>";
		};
/* End PBXGroup section */

/* Begin PBXHeadersBuildPhase section */
		0D2C57C220CA230C00F78A5B /* Headers */ = {
			isa = PBXHeadersBuildPhase;
			buildActionMask = 2147483647;
			files = (
				0D1CDE09211B36130093ED08 /* ArenaDemoAPI.h in Headers */,
			);
			runOnlyForDeploymentPostprocessing = 0;
		};
/* End PBXHeadersBuildPhase section */

/* Begin PBXNativeTarget section */
		0D2C57C420CA230C00F78A5B /* ArenaDemoAPI */ = {
			isa = PBXNativeTarget;
			buildConfigurationList = 0D2C57CD20CA230C00F78A5B /* Build configuration list for PBXNativeTarget "ArenaDemoAPI" */;
			buildPhases = (
				0D2C57C020CA230C00F78A5B /* Sources */,
				0D2C57C120CA230C00F78A5B /* Frameworks */,
				0D2C57C220CA230C00F78A5B /* Headers */,
				0D2C57C320CA230C00F78A5B /* Resources */,
			);
			buildRules = (
			);
			dependencies = (
			);
			name = ArenaDemoAPI;
			productName = ArenaDemoAPI;
			productReference = 0D2C57C520CA230C00F78A5B /* ArenaDemoAPI.framework */;
			productType = "com.apple.product-type.framework";
		};
/* End PBXNativeTarget section */

/* Begin PBXProject section */
		0D2C57BC20CA230C00F78A5B /* Project object */ = {
			isa = PBXProject;
			attributes = {
				LastUpgradeCheck = 0940;
				ORGANIZATIONNAME = "Arena Design VN";
				TargetAttributes = {
					0D2C57C420CA230C00F78A5B = {
						CreatedOnToolsVersion = 9.4;
					};
				};
			};
			buildConfigurationList = 0D2C57BF20CA230C00F78A5B /* Build configuration list for PBXProject "ArenaDemoAPI" */;
			compatibilityVersion = "Xcode 9.3";
			developmentRegion = en;
			hasScannedForEncodings = 0;
			knownRegions = (
				en,
			);
			mainGroup = 0D2C57BB20CA230C00F78A5B;
			productRefGroup = 0D2C57C620CA230C00F78A5B /* Products */;
			projectDirPath = "";
			projectRoot = "";
			targets = (
				0D2C57C420CA230C00F78A5B /* ArenaDemoAPI */,
			);
		};
/* End PBXProject section */

/* Begin PBXResourcesBuildPhase section */
		0D2C57C320CA230C00F78A5B /* Resources */ = {
			isa = PBXResourcesBuildPhase;
			buildActionMask = 2147483647;
			files = (
				0D1CDE0A211B36130093ED08 /* Info.plist in Resources */,
			);
			runOnlyForDeploymentPostprocessing = 0;
		};
/* End PBXResourcesBuildPhase section */

/* Begin PBXSourcesBuildPhase section */
		0D2C57C020CA230C00F78A5B /* Sources */ = {
			isa = PBXSourcesBuildPhase;
			buildActionMask = 2147483647;
			files = (
				0D1CDDFA211B36130093ED08 /* SettingDTO.swift in Sources */,
				0D1CDDFF211B36130093ED08 /* SESetting.swift in Sources */,
				0D1CDDF2211B36130093ED08 /* SystemStatusDTO.swift in Sources */,
				0D1CDE0C211B41B00093ED08 /* PageDTO.swift in Sources */,
				0D1CE077211C114F0093ED08 /* SEPage.swift in Sources */,
				0D1CDDF7211B36130093ED08 /* ReportDTO.swift in Sources */,
				0D1CDE02211B36130093ED08 /* SESystemStatus.swift in Sources */,
				0D1CDDF4211B36130093ED08 /* PostDTO.swift in Sources */,
				0D1CDE00211B36130093ED08 /* SEReport.swift in Sources */,
				0D1CDDF1211B36130093ED08 /* CustomerDTO.swift in Sources */,
				0D1CDE07211B36130093ED08 /* SEAuth.swift in Sources */,
				0D1CDDFE211B36130093ED08 /* SEPost.swift in Sources */,
				0D1CDDF9211B36130093ED08 /* MediaDTO.swift in Sources */,
				0D1CDDF0211B36130093ED08 /* ServiceEnum.swift in Sources */,
				0D1CDE06211B36130093ED08 /* SEProduct.swift in Sources */,
				0D1CDDF5211B36130093ED08 /* OrderDTO.swift in Sources */,
				0D1CDE03211B36130093ED08 /* SECustomer.swift in Sources */,
				0D1CDDFB211B36130093ED08 /* AuthDTO.swift in Sources */,
				0D1CDE04211B36130093ED08 /* SEMedia.swift in Sources */,
				0D1CDDEF211B36130093ED08 /* JsonServiceClient.swift in Sources */,
				0D1CDE05211B36130093ED08 /* SEPaymentMethod.swift in Sources */,
				0D1CDDF6211B36130093ED08 /* UserDTO.swift in Sources */,
				0D1CDDF3211B36130093ED08 /* PaymentMethodDTO.swift in Sources */,
				0D1CDDFC211B36130093ED08 /* BaseDTO.swift in Sources */,
				0D1CDDFD211B36130093ED08 /* SEBase.swift in Sources */,
				0D1CDDF8211B36130093ED08 /* ProductDTO.swift in Sources */,
				0D1CDE08211B36130093ED08 /* SEUser.swift in Sources */,
				0D1CDE01211B36130093ED08 /* SEOrder.swift in Sources */,
			);
			runOnlyForDeploymentPostprocessing = 0;
		};
/* End PBXSourcesBuildPhase section */

/* Begin XCBuildConfiguration section */
		0D2C57CB20CA230C00F78A5B /* Debug */ = {
			isa = XCBuildConfiguration;
			buildSettings = {
				ALWAYS_SEARCH_USER_PATHS = NO;
				CLANG_ANALYZER_NONNULL = YES;
				CLANG_ANALYZER_NUMBER_OBJECT_CONVERSION = YES_AGGRESSIVE;
				CLANG_CXX_LANGUAGE_STANDARD = "gnu++14";
				CLANG_CXX_LIBRARY = "libc++";
				CLANG_ENABLE_MODULES = YES;
				CLANG_ENABLE_OBJC_ARC = YES;
				CLANG_ENABLE_OBJC_WEAK = YES;
				CLANG_WARN_BLOCK_CAPTURE_AUTORELEASING = YES;
				CLANG_WARN_BOOL_CONVERSION = YES;
				CLANG_WARN_COMMA = YES;
				CLANG_WARN_CONSTANT_CONVERSION = YES;
				CLANG_WARN_DEPRECATED_OBJC_IMPLEMENTATIONS = YES;
				CLANG_WARN_DIRECT_OBJC_ISA_USAGE = YES_ERROR;
				CLANG_WARN_DOCUMENTATION_COMMENTS = YES;
				CLANG_WARN_EMPTY_BODY = YES;
				CLANG_WARN_ENUM_CONVERSION = YES;
				CLANG_WARN_INFINITE_RECURSION = YES;
				CLANG_WARN_INT_CONVERSION = YES;
				CLANG_WARN_NON_LITERAL_NULL_CONVERSION = YES;
				CLANG_WARN_OBJC_IMPLICIT_RETAIN_SELF = YES;
				CLANG_WARN_OBJC_LITERAL_CONVERSION = YES;
				CLANG_WARN_OBJC_ROOT_CLASS = YES_ERROR;
				CLANG_WARN_RANGE_LOOP_ANALYSIS = YES;
				CLANG_WARN_STRICT_PROTOTYPES = YES;
				CLANG_WARN_SUSPICIOUS_MOVE = YES;
				CLANG_WARN_UNGUARDED_AVAILABILITY = YES_AGGRESSIVE;
				CLANG_WARN_UNREACHABLE_CODE = YES;
				CLANG_WARN__DUPLICATE_METHOD_MATCH = YES;
				CODE_SIGN_IDENTITY = "iPhone Developer";
				COPY_PHASE_STRIP = NO;
				CURRENT_PROJECT_VERSION = 1;
				DEBUG_INFORMATION_FORMAT = dwarf;
				ENABLE_STRICT_OBJC_MSGSEND = YES;
				ENABLE_TESTABILITY = YES;
				GCC_C_LANGUAGE_STANDARD = gnu11;
				GCC_DYNAMIC_NO_PIC = NO;
				GCC_NO_COMMON_BLOCKS = YES;
				GCC_OPTIMIZATION_LEVEL = 0;
				GCC_PREPROCESSOR_DEFINITIONS = (
					"DEBUG=1",
					"$(inherited)",
				);
				GCC_WARN_64_TO_32_BIT_CONVERSION = YES;
				GCC_WARN_ABOUT_RETURN_TYPE = YES_ERROR;
				GCC_WARN_UNDECLARED_SELECTOR = YES;
				GCC_WARN_UNINITIALIZED_AUTOS = YES_AGGRESSIVE;
				GCC_WARN_UNUSED_FUNCTION = YES;
				GCC_WARN_UNUSED_VARIABLE = YES;
				IPHONEOS_DEPLOYMENT_TARGET = 11.4;
				MTL_ENABLE_DEBUG_INFO = YES;
				ONLY_ACTIVE_ARCH = YES;
				SDKROOT = iphoneos;
				SWIFT_ACTIVE_COMPILATION_CONDITIONS = DEBUG;
				SWIFT_OPTIMIZATION_LEVEL = "-Onone";
				VERSIONING_SYSTEM = "apple-generic";
				VERSION_INFO_PREFIX = "";
			};
			name = Debug;
		};
		0D2C57CC20CA230C00F78A5B /* Release */ = {
			isa = XCBuildConfiguration;
			buildSettings = {
				ALWAYS_SEARCH_USER_PATHS = NO;
				CLANG_ANALYZER_NONNULL = YES;
				CLANG_ANALYZER_NUMBER_OBJECT_CONVERSION = YES_AGGRESSIVE;
				CLANG_CXX_LANGUAGE_STANDARD = "gnu++14";
				CLANG_CXX_LIBRARY = "libc++";
				CLANG_ENABLE_MODULES = YES;
				CLANG_ENABLE_OBJC_ARC = YES;
				CLANG_ENABLE_OBJC_WEAK = YES;
				CLANG_WARN_BLOCK_CAPTURE_AUTORELEASING = YES;
				CLANG_WARN_BOOL_CONVERSION = YES;
				CLANG_WARN_COMMA = YES;
				CLANG_WARN_CONSTANT_CONVERSION = YES;
				CLANG_WARN_DEPRECATED_OBJC_IMPLEMENTATIONS = YES;
				CLANG_WARN_DIRECT_OBJC_ISA_USAGE = YES_ERROR;
				CLANG_WARN_DOCUMENTATION_COMMENTS = YES;
				CLANG_WARN_EMPTY_BODY = YES;
				CLANG_WARN_ENUM_CONVERSION = YES;
				CLANG_WARN_INFINITE_RECURSION = YES;
				CLANG_WARN_INT_CONVERSION = YES;
				CLANG_WARN_NON_LITERAL_NULL_CONVERSION = YES;
				CLANG_WARN_OBJC_IMPLICIT_RETAIN_SELF = YES;
				CLANG_WARN_OBJC_LITERAL_CONVERSION = YES;
				CLANG_WARN_OBJC_ROOT_CLASS = YES_ERROR;
				CLANG_WARN_RANGE_LOOP_ANALYSIS = YES;
				CLANG_WARN_STRICT_PROTOTYPES = YES;
				CLANG_WARN_SUSPICIOUS_MOVE = YES;
				CLANG_WARN_UNGUARDED_AVAILABILITY = YES_AGGRESSIVE;
				CLANG_WARN_UNREACHABLE_CODE = YES;
				CLANG_WARN__DUPLICATE_METHOD_MATCH = YES;
				CODE_SIGN_IDENTITY = "iPhone Developer";
				COPY_PHASE_STRIP = NO;
				CURRENT_PROJECT_VERSION = 1;
				DEBUG_INFORMATION_FORMAT = "dwarf-with-dsym";
				ENABLE_NS_ASSERTIONS = NO;
				ENABLE_STRICT_OBJC_MSGSEND = YES;
				GCC_C_LANGUAGE_STANDARD = gnu11;
				GCC_NO_COMMON_BLOCKS = YES;
				GCC_WARN_64_TO_32_BIT_CONVERSION = YES;
				GCC_WARN_ABOUT_RETURN_TYPE = YES_ERROR;
				GCC_WARN_UNDECLARED_SELECTOR = YES;
				GCC_WARN_UNINITIALIZED_AUTOS = YES_AGGRESSIVE;
				GCC_WARN_UNUSED_FUNCTION = YES;
				GCC_WARN_UNUSED_VARIABLE = YES;
				IPHONEOS_DEPLOYMENT_TARGET = 11.4;
				MTL_ENABLE_DEBUG_INFO = NO;
				SDKROOT = iphoneos;
				SWIFT_COMPILATION_MODE = wholemodule;
				SWIFT_OPTIMIZATION_LEVEL = "-O";
				VALIDATE_PRODUCT = YES;
				VERSIONING_SYSTEM = "apple-generic";
				VERSION_INFO_PREFIX = "";
			};
			name = Release;
		};
		0D2C57CE20CA230C00F78A5B /* Debug */ = {
			isa = XCBuildConfiguration;
			buildSettings = {
				CODE_SIGN_IDENTITY = "";
				CODE_SIGN_STYLE = Automatic;
				DEFINES_MODULE = YES;
				DYLIB_COMPATIBILITY_VERSION = 1;
				DYLIB_CURRENT_VERSION = 1;
				DYLIB_INSTALL_NAME_BASE = "@rpath";
				FRAMEWORK_SEARCH_PATHS = (
					"$(inherited)",
					"$(PROJECT_DIR)/ArenaDemoAPI/Framework",
				);
				INFOPLIST_FILE = ArenaDemoAPI/Info.plist;
				INSTALL_PATH = "$(LOCAL_LIBRARY_DIR)/Frameworks";
				IPHONEOS_DEPLOYMENT_TARGET = 9.0;
				LD_RUNPATH_SEARCH_PATHS = (
					"$(inherited)",
					"@executable_path/Frameworks",
					"@loader_path/Frameworks",
				);
				PRODUCT_BUNDLE_IDENTIFIER = "Newstead-Technologies.ArenaDemoAPI";
				PRODUCT_NAME = "$(TARGET_NAME:c99extidentifier)";
				SKIP_INSTALL = YES;
				SWIFT_VERSION = 4.0;
				TARGETED_DEVICE_FAMILY = "1,2";
			};
			name = Debug;
		};
		0D2C57CF20CA230C00F78A5B /* Release */ = {
			isa = XCBuildConfiguration;
			buildSettings = {
				CODE_SIGN_IDENTITY = "";
				CODE_SIGN_STYLE = Automatic;
				DEFINES_MODULE = YES;
				DYLIB_COMPATIBILITY_VERSION = 1;
				DYLIB_CURRENT_VERSION = 1;
				DYLIB_INSTALL_NAME_BASE = "@rpath";
				FRAMEWORK_SEARCH_PATHS = (
					"$(inherited)",
					"$(PROJECT_DIR)/ArenaDemoAPI/Framework",
				);
				INFOPLIST_FILE = ArenaDemoAPI/Info.plist;
				INSTALL_PATH = "$(LOCAL_LIBRARY_DIR)/Frameworks";
				IPHONEOS_DEPLOYMENT_TARGET = 9.0;
				LD_RUNPATH_SEARCH_PATHS = (
					"$(inherited)",
					"@executable_path/Frameworks",
					"@loader_path/Frameworks",
				);
				PRODUCT_BUNDLE_IDENTIFIER = "Newstead-Technologies.ArenaDemoAPI";
				PRODUCT_NAME = "$(TARGET_NAME:c99extidentifier)";
				SKIP_INSTALL = YES;
				SWIFT_VERSION = 4.0;
				TARGETED_DEVICE_FAMILY = "1,2";
			};
			name = Release;
		};
/* End XCBuildConfiguration section */

/* Begin XCConfigurationList section */
		0D2C57BF20CA230C00F78A5B /* Build configuration list for PBXProject "ArenaDemoAPI" */ = {
			isa = XCConfigurationList;
			buildConfigurations = (
				0D2C57CB20CA230C00F78A5B /* Debug */,
				0D2C57CC20CA230C00F78A5B /* Release */,
			);
			defaultConfigurationIsVisible = 0;
			defaultConfigurationName = Release;
		};
		0D2C57CD20CA230C00F78A5B /* Build configuration list for PBXNativeTarget "ArenaDemoAPI" */ = {
			isa = XCConfigurationList;
			buildConfigurations = (
				0D2C57CE20CA230C00F78A5B /* Debug */,
				0D2C57CF20CA230C00F78A5B /* Release */,
			);
			defaultConfigurationIsVisible = 0;
			defaultConfigurationName = Release;
		};
/* End XCConfigurationList section */
	};
	rootObject = 0D2C57BC20CA230C00F78A5B /* Project object */;
}
